
Microsoft Visual Studio Solution File, Format Version 12.00
# Visual Studio 15
VisualStudioVersion = 15.0.27130.2027
MinimumVisualStudioVersion = 10.0.40219.1
Project("{FAE04EC0-301F-11D3-BF4B-00C04F79EFBC}") = "SpamReporter", "SpamReporter\SpamReporter.csproj", "{A92ACEE3-B627-4EE3-AFA9-C196A4082FD0}"
EndProject
Project("{54435603-DBB4-11D2-8724-00A0C9A8B90C}") = "MailGO.UnitySetup.EN", "Setup\Setup.vdproj", "{780DE135-4CAC-4A8C-92AA-F162D6EE1736}"
EndProject
Global
	GlobalSection(SolutionConfigurationPlatforms) = preSolution
		Debug|Any CPU = Debug|Any CPU
		Release|Any CPU = Release|Any CPU
	EndGlobalSection
	GlobalSection(ProjectConfigurationPlatforms) = postSolution
		{A92ACEE3-B627-4EE3-AFA9-C196A4082FD0}.Debug|Any CPU.ActiveCfg = Debug|Any CPU
		{A92ACEE3-B627-4EE3-AFA9-C196A4082FD0}.Debug|Any CPU.Build.0 = Debug|Any CPU
		{A92ACEE3-B627-4EE3-AFA9-C196A4082FD0}.Release|Any CPU.ActiveCfg = Release|Any CPU
		{A92ACEE3-B627-4EE3-AFA9-C196A4082FD0}.Release|Any CPU.Build.0 = Release|Any CPU
		{780DE135-4CAC-4A8C-92AA-F162D6EE1736}.Debug|Any CPU.ActiveCfg = Debug
		{780DE135-4CAC-4A8C-92AA-F162D6EE1736}.Debug|Any CPU.Build.0 = Debug
		{780DE135-4CAC-4A8C-92AA-F162D6EE1736}.Release|Any CPU.ActiveCfg = Release
		{780DE135-4CAC-4A8C-92AA-F162D6EE1736}.Release|Any CPU.Build.0 = Release
	EndGlobalSection
	GlobalSection(SolutionProperties) = preSolution
		HideSolutionNode = FALSE
	EndGlobalSection
	GlobalSection(ExtensibilityGlobals) = postSolution
		SolutionGuid = {8F17EDF9-0A89-4B17-8FF8-F7F3386ADDC0}
	EndGlobalSection
EndGlobal
